// !$*UTF8*$!
{
	archiveVersion = 1;
	classes = {
	};
	objectVersion = 50;
	objects = {

/* Begin PBXBuildFile section */
		DA21E6CB2427B622000A6C48 /* AppDelegate.swift in Sources */ = {isa = PBXBuildFile; fileRef = DA21E6CA2427B622000A6C48 /* AppDelegate.swift */; };
		DA21E6CD2427B622000A6C48 /* SceneDelegate.swift in Sources */ = {isa = PBXBuildFile; fileRef = DA21E6CC2427B622000A6C48 /* SceneDelegate.swift */; };
		DA21E6CF2427B622000A6C48 /* ViewController.swift in Sources */ = {isa = PBXBuildFile; fileRef = DA21E6CE2427B622000A6C48 /* ViewController.swift */; };
		DA21E6D22427B622000A6C48 /* Main.storyboard in Resources */ = {isa = PBXBuildFile; fileRef = DA21E6D02427B622000A6C48 /* Main.storyboard */; };
		DA21E6D42427B626000A6C48 /* Assets.xcassets in Resources */ = {isa = PBXBuildFile; fileRef = DA21E6D32427B626000A6C48 /* Assets.xcassets */; };
		DA21E6D72427B626000A6C48 /* LaunchScreen.storyboard in Resources */ = {isa = PBXBuildFile; fileRef = DA21E6D52427B626000A6C48 /* LaunchScreen.storyboard */; };
		DA21E6DF2427C4C5000A6C48 /* WebViewController.swift in Sources */ = {isa = PBXBuildFile; fileRef = DA21E6DE2427C4C5000A6C48 /* WebViewController.swift */; };
/* End PBXBuildFile section */

/* Begin PBXFileReference section */
		DA21E6C72427B622000A6C48 /* QRcode.app */ = {isa = PBXFileReference; explicitFileType = wrapper.application; includeInIndex = 0; path = QRcode.app; sourceTree = BUILT_PRODUCTS_DIR; };
		DA21E6CA2427B622000A6C48 /* AppDelegate.swift */ = {isa = PBXFileReference; lastKnownFileType = sourcecode.swift; path = AppDelegate.swift; sourceTree = "<group>"; };
		DA21E6CC2427B622000A6C48 /* SceneDelegate.swift */ = {isa = PBXFileReference; lastKnownFileType = sourcecode.swift; path = SceneDelegate.swift; sourceTree = "<group>"; };
		DA21E6CE2427B622000A6C48 /* ViewController.swift */ = {isa = PBXFileReference; lastKnownFileType = sourcecode.swift; path = ViewController.swift; sourceTree = "<group>"; };
		DA21E6D12427B622000A6C48 /* Base */ = {isa = PBXFileReference; lastKnownFileType = file.storyboard; name = Base; path = Base.lproj/Main.storyboard; sourceTree = "<group>"; };
		DA21E6D32427B626000A6C48 /* Assets.xcassets */ = {isa = PBXFileReference; lastKnownFileType = folder.assetcatalog; path = Assets.xcassets; sourceTree = "<group>"; };
		DA21E6D62427B626000A6C48 /* Base */ = {isa = PBXFileReference; lastKnownFileType = file.storyboard; name = Base; path = Base.lproj/LaunchScreen.storyboard; sourceTree = "<group>"; };
		DA21E6D82427B626000A6C48 /* Info.plist */ = {isa = PBXFileReference; lastKnownFileType = text.plist.xml; path = Info.plist; sourceTree = "<group>"; };
		DA21E6DE2427C4C5000A6C48 /* WebViewController.swift */ = {isa = PBXFileReference; lastKnownFileType = sourcecode.swift; path = WebViewController.swift; sourceTree = "<group>"; };
/* End PBXFileReference section */

/* Begin PBXFrameworksBuildPhase section */
		DA21E6C42427B622000A6C48 /* Frameworks */ = {
			isa = PBXFrameworksBuildPhase;
			buildActionMask = 2147483647;
			files = (
			);
			runOnlyForDeploymentPostprocessing = 0;
		};
/* End PBXFrameworksBuildPhase section */

/* Begin PBXGroup section */
		DA21E6BE2427B622000A6C48 = {
			isa = PBXGroup;
			children = (
				DA21E6C92427B622000A6C48 /* QRcode */,
				DA21E6C82427B622000A6C48 /* Products */,
			);
			sourceTree = "<group>";
		};
		DA21E6C82427B622000A6C48 /* Products */ = {
			isa = PBXGroup;
			children = (
				DA21E6C72427B622000A6C48 /* QRcode.app */,
			);
			name = Products;
			sourceTree = "<group>";
		};
		DA21E6C92427B622000A6C48 /* QRcode */ = {
			isa = PBXGroup;
			children = (
				DA8333432427D25400DA1F1D /* Screen */,
				DA21E6CA2427B622000A6C48 /* AppDelegate.swift */,
				DA21E6CC2427B622000A6C48 /* SceneDelegate.swift */,
				DA21E6D32427B626000A6C48 /* Assets.xcassets */,
				DA21E6D52427B626000A6C48 /* LaunchScreen.storyboard */,
				DA21E6D82427B626000A6C48 /* Info.plist */,
			);
			path = QRcode;
			sourceTree = "<group>";
		};
		DA8333432427D25400DA1F1D /* Screen */ = {
			isa = PBXGroup;
			children = (
				DA8333452427D27C00DA1F1D /* View */,
				DA8333442427D27400DA1F1D /* Controller */,
			);
			path = Screen;
			sourceTree = "<group>";
		};
		DA8333442427D27400DA1F1D /* Controller */ = {
			isa = PBXGroup;
			children = (
				DA21E6CE2427B622000A6C48 /* ViewController.swift */,
				DA21E6DE2427C4C5000A6C48 /* WebViewController.swift */,
			);
			path = Controller;
			sourceTree = "<group>";
		};
		DA8333452427D27C00DA1F1D /* View */ = {
			isa = PBXGroup;
			children = (
				DA21E6D02427B622000A6C48 /* Main.storyboard */,
			);
			path = View;
			sourceTree = "<group>";
		};
/* End PBXGroup section */

/* Begin PBXNativeTarget section */
		DA21E6C62427B622000A6C48 /* QRcode */ = {
			isa = PBXNativeTarget;
			buildConfigurationList = DA21E6DB2427B626000A6C48 /* Build configuration list for PBXNativeTarget "QRcode" */;
			buildPhases = (
				DA21E6C32427B622000A6C48 /* Sources */,
				DA21E6C42427B622000A6C48 /* Frameworks */,
				DA21E6C52427B622000A6C48 /* Resources */,
			);
			buildRules = (
			);
			dependencies = (
			);
			name = QRcode;
			productName = QRcode;
			productReference = DA21E6C72427B622000A6C48 /* QRcode.app */;
			productType = "com.apple.product-type.application";
		};
/* End PBXNativeTarget section */

/* Begin PBXProject section */
		DA21E6BF2427B622000A6C48 /* Project object */ = {
			isa = PBXProject;
			attributes = {
				LastSwiftUpdateCheck = 1130;
				LastUpgradeCheck = 1130;
				ORGANIZATIONNAME = "Gabriel Mendonça";
				TargetAttributes = {
					DA21E6C62427B622000A6C48 = {
						CreatedOnToolsVersion = 11.3.1;
					};
				};
			};
			buildConfigurationList = DA21E6C22427B622000A6C48 /* Build configuration list for PBXProject "QRcode" */;
			compatibilityVersion = "Xcode 9.3";
			developmentRegion = en;
			hasScannedForEncodings = 0;
			knownRegions = (
				en,
				Base,
			);
			mainGroup = DA21E6BE2427B622000A6C48;
			productRefGroup = DA21E6C82427B622000A6C48 /* Products */;
			projectDirPath = "";
			projectRoot = "";
			targets = (
				DA21E6C62427B622000A6C48 /* QRcode */,
			);
		};
/* End PBXProject section */

/* Begin PBXResourcesBuildPhase section */
		DA21E6C52427B622000A6C48 /* Resources */ = {
			isa = PBXResourcesBuildPhase;
			buildActionMask = 2147483647;
			files = (
				DA21E6D72427B626000A6C48 /* LaunchScreen.storyboard in Resources */,
				DA21E6D42427B626000A6C48 /* Assets.xcassets in Resources */,
				DA21E6D22427B622000A6C48 /* Main.storyboard in Resources */,
			);
			runOnlyForDeploymentPostprocessing = 0;
		};
/* End PBXResourcesBuildPhase section */

/* Begin PBXSourcesBuildPhase section */
		DA21E6C32427B622000A6C48 /* Sources */ = {
			isa = PBXSourcesBuildPhase;
			buildActionMask = 2147483647;
			files = (
				DA21E6CF2427B622000A6C48 /* ViewController.swift in Sources */,
				DA21E6CB2427B622000A6C48 /* AppDelegate.swift in Sources */,
				DA21E6CD2427B622000A6C48 /* SceneDelegate.swift in Sources */,
				DA21E6DF2427C4C5000A6C48 /* WebViewController.swift in Sources */,
			);
			runOnlyForDeploymentPostprocessing = 0;
		};
/* End PBXSourcesBuildPhase section */

/* Begin PBXVariantGroup section */
		DA21E6D02427B622000A6C48 /* Main.storyboard */ = {
			isa = PBXVariantGroup;
			children = (
				DA21E6D12427B622000A6C48 /* Base */,
			);
			name = Main.storyboard;
			sourceTree = "<group>";
		};
		DA21E6D52427B626000A6C48 /* LaunchScreen.storyboard */ = {
			isa = PBXVariantGroup;
			children = (
				DA21E6D62427B626000A6C48 /* Base */,
			);
			name = LaunchScreen.storyboard;
			sourceTree = "<group>";
		};
/* End PBXVariantGroup section */

/* Begin XCBuildConfiguration section */
		DA21E6D92427B626000A6C48 /* Debug */ = {
			isa = XCBuildConfiguration;
			buildSettings = {
				ALWAYS_SEARCH_USER_PATHS = NO;
				CLANG_ANALYZER_NONNULL = YES;
				CLANG_ANALYZER_NUMBER_OBJECT_CONVERSION = YES_AGGRESSIVE;
				CLANG_CXX_LANGUAGE_STANDARD = "gnu++14";
				CLANG_CXX_LIBRARY = "libc++";
				CLANG_ENABLE_MODULES = YES;
				CLANG_ENABLE_OBJC_ARC = YES;
				CLANG_ENABLE_OBJC_WEAK = YES;
				CLANG_WARN_BLOCK_CAPTURE_AUTORELEASING = YES;
				CLANG_WARN_BOOL_CONVERSION = YES;
				CLANG_WARN_COMMA = YES;
				CLANG_WARN_CONSTANT_CONVERSION = YES;
				CLANG_WARN_DEPRECATED_OBJC_IMPLEMENTATIONS = YES;
				CLANG_WARN_DIRECT_OBJC_ISA_USAGE = YES_ERROR;
				CLANG_WARN_DOCUMENTATION_COMMENTS = YES;
				CLANG_WARN_EMPTY_BODY = YES;
				CLANG_WARN_ENUM_CONVERSION = YES;
				CLANG_WARN_INFINITE_RECURSION = YES;
				CLANG_WARN_INT_CONVERSION = YES;
				CLANG_WARN_NON_LITERAL_NULL_CONVERSION = YES;
				CLANG_WARN_OBJC_IMPLICIT_RETAIN_SELF = YES;
				CLANG_WARN_OBJC_LITERAL_CONVERSION = YES;
				CLANG_WARN_OBJC_ROOT_CLASS = YES_ERROR;
				CLANG_WARN_RANGE_LOOP_ANALYSIS = YES;
				CLANG_WARN_STRICT_PROTOTYPES = YES;
				CLANG_WARN_SUSPICIOUS_MOVE = YES;
				CLANG_WARN_UNGUARDED_AVAILABILITY = YES_AGGRESSIVE;
				CLANG_WARN_UNREACHABLE_CODE = YES;
				CLANG_WARN__DUPLICATE_METHOD_MATCH = YES;
				COPY_PHASE_STRIP = NO;
				DEBUG_INFORMATION_FORMAT = dwarf;
				ENABLE_STRICT_OBJC_MSGSEND = YES;
				ENABLE_TESTABILITY = YES;
				GCC_C_LANGUAGE_STANDARD = gnu11;
				GCC_DYNAMIC_NO_PIC = NO;
				GCC_NO_COMMON_BLOCKS = YES;
				GCC_OPTIMIZATION_LEVEL = 0;
				GCC_PREPROCESSOR_DEFINITIONS = (
					"DEBUG=1",
					"$(inherited)",
				);
				GCC_WARN_64_TO_32_BIT_CONVERSION = YES;
				GCC_WARN_ABOUT_RETURN_TYPE = YES_ERROR;
				GCC_WARN_UNDECLARED_SELECTOR = YES;
				GCC_WARN_UNINITIALIZED_AUTOS = YES_AGGRESSIVE;
				GCC_WARN_UNUSED_FUNCTION = YES;
				GCC_WARN_UNUSED_VARIABLE = YES;
				IPHONEOS_DEPLOYMENT_TARGET = 13.2;
				MTL_ENABLE_DEBUG_INFO = INCLUDE_SOURCE;
				MTL_FAST_MATH = YES;
				ONLY_ACTIVE_ARCH = YES;
				SDKROOT = iphoneos;
				SWIFT_ACTIVE_COMPILATION_CONDITIONS = DEBUG;
				SWIFT_OPTIMIZATION_LEVEL = "-Onone";
			};
			name = Debug;
		};
		DA21E6DA2427B626000A6C48 /* Release */ = {
			isa = XCBuildConfiguration;
			buildSettings = {
				ALWAYS_SEARCH_USER_PATHS = NO;
				CLANG_ANALYZER_NONNULL = YES;
				CLANG_ANALYZER_NUMBER_OBJECT_CONVERSION = YES_AGGRESSIVE;
				CLANG_CXX_LANGUAGE_STANDARD = "gnu++14";
				CLANG_CXX_LIBRARY = "libc++";
				CLANG_ENABLE_MODULES = YES;
				CLANG_ENABLE_OBJC_ARC = YES;
				CLANG_ENABLE_OBJC_WEAK = YES;
				CLANG_WARN_BLOCK_CAPTURE_AUTORELEASING = YES;
				CLANG_WARN_BOOL_CONVERSION = YES;
				CLANG_WARN_COMMA = YES;
				CLANG_WARN_CONSTANT_CONVERSION = YES;
				CLANG_WARN_DEPRECATED_OBJC_IMPLEMENTATIONS = YES;
				CLANG_WARN_DIRECT_OBJC_ISA_USAGE = YES_ERROR;
				CLANG_WARN_DOCUMENTATION_COMMENTS = YES;
				CLANG_WARN_EMPTY_BODY = YES;
				CLANG_WARN_ENUM_CONVERSION = YES;
				CLANG_WARN_INFINITE_RECURSION = YES;
				CLANG_WARN_INT_CONVERSION = YES;
				CLANG_WARN_NON_LITERAL_NULL_CONVERSION = YES;
				CLANG_WARN_OBJC_IMPLICIT_RETAIN_SELF = YES;
				CLANG_WARN_OBJC_LITERAL_CONVERSION = YES;
				CLANG_WARN_OBJC_ROOT_CLASS = YES_ERROR;
				CLANG_WARN_RANGE_LOOP_ANALYSIS = YES;
				CLANG_WARN_STRICT_PROTOTYPES = YES;
				CLANG_WARN_SUSPICIOUS_MOVE = YES;
				CLANG_WARN_UNGUARDED_AVAILABILITY = YES_AGGRESSIVE;
				CLANG_WARN_UNREACHABLE_CODE = YES;
				CLANG_WARN__DUPLICATE_METHOD_MATCH = YES;
				COPY_PHASE_STRIP = NO;
				DEBUG_INFORMATION_FORMAT = "dwarf-with-dsym";
				ENABLE_NS_ASSERTIONS = NO;
				ENABLE_STRICT_OBJC_MSGSEND = YES;
				GCC_C_LANGUAGE_STANDARD = gnu11;
				GCC_NO_COMMON_BLOCKS = YES;
				GCC_WARN_64_TO_32_BIT_CONVERSION = YES;
				GCC_WARN_ABOUT_RETURN_TYPE = YES_ERROR;
				GCC_WARN_UNDECLARED_SELECTOR = YES;
				GCC_WARN_UNINITIALIZED_AUTOS = YES_AGGRESSIVE;
				GCC_WARN_UNUSED_FUNCTION = YES;
				GCC_WARN_UNUSED_VARIABLE = YES;
				IPHONEOS_DEPLOYMENT_TARGET = 13.2;
				MTL_ENABLE_DEBUG_INFO = NO;
				MTL_FAST_MATH = YES;
				SDKROOT = iphoneos;
				SWIFT_COMPILATION_MODE = wholemodule;
				SWIFT_OPTIMIZATION_LEVEL = "-O";
				VALIDATE_PRODUCT = YES;
			};
			name = Release;
		};
		DA21E6DC2427B626000A6C48 /* Debug */ = {
			isa = XCBuildConfiguration;
			buildSettings = {
				ASSETCATALOG_COMPILER_APPICON_NAME = AppIcon;
				CODE_SIGN_STYLE = Automatic;
				DEVELOPMENT_TEAM = 944UGLCUDB;
				INFOPLIST_FILE = QRcode/Info.plist;
				LD_RUNPATH_SEARCH_PATHS = (
					"$(inherited)",
					"@executable_path/Frameworks",
				);
				PRODUCT_BUNDLE_IDENTIFIER = com.br.gabrielMendonca.QRcode;
				PRODUCT_NAME = "$(TARGET_NAME)";
				SWIFT_VERSION = 5.0;
				TARGETED_DEVICE_FAMILY = "1,2";
			};
			name = Debug;
		};
		DA21E6DD2427B626000A6C48 /* Release */ = {
			isa = XCBuildConfiguration;
			buildSettings = {
				ASSETCATALOG_COMPILER_APPICON_NAME = AppIcon;
				CODE_SIGN_STYLE = Automatic;
				DEVELOPMENT_TEAM = 944UGLCUDB;
				INFOPLIST_FILE = QRcode/Info.plist;
				LD_RUNPATH_SEARCH_PATHS = (
					"$(inherited)",
					"@executable_path/Frameworks",
				);
				PRODUCT_BUNDLE_IDENTIFIER = com.br.gabrielMendonca.QRcode;
				PRODUCT_NAME = "$(TARGET_NAME)";
				SWIFT_VERSION = 5.0;
				TARGETED_DEVICE_FAMILY = "1,2";
			};
			name = Release;
		};
/* End XCBuildConfiguration section */

/* Begin XCConfigurationList section */
		DA21E6C22427B622000A6C48 /* Build configuration list for PBXProject "QRcode" */ = {
			isa = XCConfigurationList;
			buildConfigurations = (
				DA21E6D92427B626000A6C48 /* Debug */,
				DA21E6DA2427B626000A6C48 /* Release */,
			);
			defaultConfigurationIsVisible = 0;
			defaultConfigurationName = Release;
		};
		DA21E6DB2427B626000A6C48 /* Build configuration list for PBXNativeTarget "QRcode" */ = {
			isa = XCConfigurationList;
			buildConfigurations = (
				DA21E6DC2427B626000A6C48 /* Debug */,
				DA21E6DD2427B626000A6C48 /* Release */,
			);
			defaultConfigurationIsVisible = 0;
			defaultConfigurationName = Release;
		};
/* End XCConfigurationList section */
	};
	rootObject = DA21E6BF2427B622000A6C48 /* Project object */;
}
